
Microsoft Visual Studio Solution File, Format Version 12.00
# Visual Studio Version 16
VisualStudioVersion = 16.0.29609.76
MinimumVisualStudioVersion = 10.0.40219.1
Project("{FAE04EC0-301F-11D3-BF4B-00C04F79EFBC}") = "AntiXbox v.1", "AntiXbox v.1\AntiXbox v.1.csproj", "{4F47F6B0-F00B-4C48-B444-A5ABC497300F}"
EndProject
Global
	GlobalSection(SolutionConfigurationPlatforms) = preSolution
		Debug|Any CPU = Debug|Any CPU
		Release|Any CPU = Release|Any CPU
	EndGlobalSection
	GlobalSection(ProjectConfigurationPlatforms) = postSolution
		{4F47F6B0-F00B-4C48-B444-A5ABC497300F}.Debug|Any CPU.ActiveCfg = Debug|Any CPU
		{4F47F6B0-F00B-4C48-B444-A5ABC497300F}.Debug|Any CPU.Build.0 = Debug|Any CPU
		{4F47F6B0-F00B-4C48-B444-A5ABC497300F}.Release|Any CPU.ActiveCfg = Release|Any CPU
		{4F47F6B0-F00B-4C48-B444-A5ABC497300F}.Release|Any CPU.Build.0 = Release|Any CPU
	EndGlobalSection
	GlobalSection(SolutionProperties) = preSolution
		HideSolutionNode = FALSE
	EndGlobalSection
	GlobalSection(ExtensibilityGlobals) = postSolution
		SolutionGuid = {FB4FC795-4BC0-4B30-83D5-926D98C3AA7C}
	EndGlobalSection
EndGlobal
